
Microsoft Visual Studio Solution File, Format Version 12.00
Project("{FAE04EC0-301F-11D3-BF4B-00C04F79EFBC}") = "InterruptedSilence", "InterruptedSilence\InterruptedSilence.csproj", "{925D08D4-DE1A-4195-A0E8-5F7056625828}"
EndProject
Global
	GlobalSection(SolutionConfigurationPlatforms) = preSolution
		Debug|Any CPU = Debug|Any CPU
		Release|Any CPU = Release|Any CPU
	EndGlobalSection
	GlobalSection(ProjectConfigurationPlatforms) = postSolution
		{925D08D4-DE1A-4195-A0E8-5F7056625828}.Debug|Any CPU.ActiveCfg = Debug|Any CPU
		{925D08D4-DE1A-4195-A0E8-5F7056625828}.Debug|Any CPU.Build.0 = Debug|Any CPU
		{925D08D4-DE1A-4195-A0E8-5F7056625828}.Release|Any CPU.ActiveCfg = Release|Any CPU
		{925D08D4-DE1A-4195-A0E8-5F7056625828}.Release|Any CPU.Build.0 = Release|Any CPU
	EndGlobalSection
EndGlobal
